
Microsoft Visual Studio Solution File, Format Version 12.00
# Visual Studio Version 16
VisualStudioVersion = 16.0.31702.278
MinimumVisualStudioVersion = 10.0.40219.1
Project("{FAE04EC0-301F-11D3-BF4B-00C04F79EFBC}") = "lotto_quickPick", "lotto_quickPick.csproj", "{5D20E207-C421-4505-BC78-9C7034F71D81}"
EndProject
Global
	GlobalSection(SolutionConfigurationPlatforms) = preSolution
		Debug|Any CPU = Debug|Any CPU
		Release|Any CPU = Release|Any CPU
	EndGlobalSection
	GlobalSection(ProjectConfigurationPlatforms) = postSolution
		{5D20E207-C421-4505-BC78-9C7034F71D81}.Debug|Any CPU.ActiveCfg = Debug|Any CPU
		{5D20E207-C421-4505-BC78-9C7034F71D81}.Debug|Any CPU.Build.0 = Debug|Any CPU
		{5D20E207-C421-4505-BC78-9C7034F71D81}.Release|Any CPU.ActiveCfg = Release|Any CPU
		{5D20E207-C421-4505-BC78-9C7034F71D81}.Release|Any CPU.Build.0 = Release|Any CPU
	EndGlobalSection
	GlobalSection(SolutionProperties) = preSolution
		HideSolutionNode = FALSE
	EndGlobalSection
	GlobalSection(ExtensibilityGlobals) = postSolution
		SolutionGuid = {590C13B9-DA7D-40D2-84F8-83713E7B01A7}
	EndGlobalSection
EndGlobal
